// !$*UTF8*$!
{
	archiveVersion = 1;
	classes = {
	};
	objectVersion = 56;
	objects = {

/* Begin PBXBuildFile section */
		D739495C2A2F593B00FF2885 /* MPGameMove.swift in Sources */ = {isa = PBXBuildFile; fileRef = D739495B2A2F593B00FF2885 /* MPGameMove.swift */; };
		D73D8E7E2A30CFAC006152EB /* MPPeersView.swift in Sources */ = {isa = PBXBuildFile; fileRef = D73D8E7D2A30CFAC006152EB /* MPPeersView.swift */; };
		D7488DA32A1E4D0000A556CA /* ViewModifiers.swift in Sources */ = {isa = PBXBuildFile; fileRef = D7488DA22A1E4D0000A556CA /* ViewModifiers.swift */; };
		D7488DA62A200F0800A556CA /* GameView.swift in Sources */ = {isa = PBXBuildFile; fileRef = D7488DA52A200F0700A556CA /* GameView.swift */; };
		D7488DA82A235AEF00A556CA /* GameService.swift in Sources */ = {isa = PBXBuildFile; fileRef = D7488DA72A235AEF00A556CA /* GameService.swift */; };
		D7488DAA2A25650C00A556CA /* GameSquare.swift in Sources */ = {isa = PBXBuildFile; fileRef = D7488DA92A25650C00A556CA /* GameSquare.swift */; };
		D7488DAC2A264A4500A556CA /* SquareView.swift in Sources */ = {isa = PBXBuildFile; fileRef = D7488DAB2A264A4500A556CA /* SquareView.swift */; };
		D74DD5E22A1815F300695B87 /* AppEntry.swift in Sources */ = {isa = PBXBuildFile; fileRef = D74DD5E12A1815F300695B87 /* AppEntry.swift */; };
		D74DD5E42A1815F300695B87 /* StartView.swift in Sources */ = {isa = PBXBuildFile; fileRef = D74DD5E32A1815F300695B87 /* StartView.swift */; };
		D74DD5E62A1815F600695B87 /* Assets.xcassets in Resources */ = {isa = PBXBuildFile; fileRef = D74DD5E52A1815F600695B87 /* Assets.xcassets */; };
		D74DD5E92A1815F600695B87 /* Preview Assets.xcassets in Resources */ = {isa = PBXBuildFile; fileRef = D74DD5E82A1815F600695B87 /* Preview Assets.xcassets */; };
		D74DD5F02A181B0600695B87 /* Launch Screen.storyboard in Resources */ = {isa = PBXBuildFile; fileRef = D74DD5EF2A181B0600695B87 /* Launch Screen.storyboard */; };
		D74DD5F32A1AD8B600695B87 /* GameModels.swift in Sources */ = {isa = PBXBuildFile; fileRef = D74DD5F22A1AD8B600695B87 /* GameModels.swift */; };
		D753431E2A2A4980001D7EDF /* YourNameView.swift in Sources */ = {isa = PBXBuildFile; fileRef = D753431D2A2A4980001D7EDF /* YourNameView.swift */; };
		D75DB19C2A2CD07400DBD848 /* MPConnectionManager.swift in Sources */ = {isa = PBXBuildFile; fileRef = D75DB19B2A2CD07400DBD848 /* MPConnectionManager.swift */; };
/* End PBXBuildFile section */

/* Begin PBXFileReference section */
		D739495B2A2F593B00FF2885 /* MPGameMove.swift */ = {isa = PBXFileReference; lastKnownFileType = sourcecode.swift; path = MPGameMove.swift; sourceTree = "<group>"; };
		D73D8E7D2A30CFAC006152EB /* MPPeersView.swift */ = {isa = PBXFileReference; lastKnownFileType = sourcecode.swift; path = MPPeersView.swift; sourceTree = "<group>"; };
		D7488DA22A1E4D0000A556CA /* ViewModifiers.swift */ = {isa = PBXFileReference; lastKnownFileType = sourcecode.swift; path = ViewModifiers.swift; sourceTree = "<group>"; };
		D7488DA52A200F0700A556CA /* GameView.swift */ = {isa = PBXFileReference; lastKnownFileType = sourcecode.swift; path = GameView.swift; sourceTree = "<group>"; };
		D7488DA72A235AEF00A556CA /* GameService.swift */ = {isa = PBXFileReference; lastKnownFileType = sourcecode.swift; path = GameService.swift; sourceTree = "<group>"; };
		D7488DA92A25650C00A556CA /* GameSquare.swift */ = {isa = PBXFileReference; lastKnownFileType = sourcecode.swift; path = GameSquare.swift; sourceTree = "<group>"; };
		D7488DAB2A264A4500A556CA /* SquareView.swift */ = {isa = PBXFileReference; lastKnownFileType = sourcecode.swift; path = SquareView.swift; sourceTree = "<group>"; };
		D74DD5DE2A1815F300695B87 /* XsAndOs.app */ = {isa = PBXFileReference; explicitFileType = wrapper.application; includeInIndex = 0; path = XsAndOs.app; sourceTree = BUILT_PRODUCTS_DIR; };
		D74DD5E12A1815F300695B87 /* AppEntry.swift */ = {isa = PBXFileReference; lastKnownFileType = sourcecode.swift; path = AppEntry.swift; sourceTree = "<group>"; };
		D74DD5E32A1815F300695B87 /* StartView.swift */ = {isa = PBXFileReference; lastKnownFileType = sourcecode.swift; path = StartView.swift; sourceTree = "<group>"; };
		D74DD5E52A1815F600695B87 /* Assets.xcassets */ = {isa = PBXFileReference; lastKnownFileType = folder.assetcatalog; path = Assets.xcassets; sourceTree = "<group>"; };
		D74DD5E82A1815F600695B87 /* Preview Assets.xcassets */ = {isa = PBXFileReference; lastKnownFileType = folder.assetcatalog; path = "Preview Assets.xcassets"; sourceTree = "<group>"; };
		D74DD5EF2A181B0600695B87 /* Launch Screen.storyboard */ = {isa = PBXFileReference; lastKnownFileType = file.storyboard; path = "Launch Screen.storyboard"; sourceTree = "<group>"; };
		D74DD5F22A1AD8B600695B87 /* GameModels.swift */ = {isa = PBXFileReference; lastKnownFileType = sourcecode.swift; path = GameModels.swift; sourceTree = "<group>"; };
		D753431D2A2A4980001D7EDF /* YourNameView.swift */ = {isa = PBXFileReference; lastKnownFileType = sourcecode.swift; path = YourNameView.swift; sourceTree = "<group>"; };
		D75DB1992A2ACE6600DBD848 /* Info.plist */ = {isa = PBXFileReference; lastKnownFileType = text.plist; path = Info.plist; sourceTree = "<group>"; };
		D75DB19B2A2CD07400DBD848 /* MPConnectionManager.swift */ = {isa = PBXFileReference; lastKnownFileType = sourcecode.swift; path = MPConnectionManager.swift; sourceTree = "<group>"; };
/* End PBXFileReference section */

/* Begin PBXFrameworksBuildPhase section */
		D74DD5DB2A1815F300695B87 /* Frameworks */ = {
			isa = PBXFrameworksBuildPhase;
			buildActionMask = 2147483647;
			files = (
			);
			runOnlyForDeploymentPostprocessing = 0;
		};
/* End PBXFrameworksBuildPhase section */

/* Begin PBXGroup section */
		D7488DA12A1E4C9C00A556CA /* Utilities */ = {
			isa = PBXGroup;
			children = (
				D7488DA22A1E4D0000A556CA /* ViewModifiers.swift */,
			);
			path = Utilities;
			sourceTree = "<group>";
		};
		D7488DA42A200EE200A556CA /* Game Screen */ = {
			isa = PBXGroup;
			children = (
				D7488DA52A200F0700A556CA /* GameView.swift */,
				D7488DA92A25650C00A556CA /* GameSquare.swift */,
				D7488DA72A235AEF00A556CA /* GameService.swift */,
				D7488DAB2A264A4500A556CA /* SquareView.swift */,
			);
			path = "Game Screen";
			sourceTree = "<group>";
		};
		D74DD5D52A1815F300695B87 = {
			isa = PBXGroup;
			children = (
				D74DD5E02A1815F300695B87 /* XsAndOs */,
				D74DD5DF2A1815F300695B87 /* Products */,
			);
			sourceTree = "<group>";
		};
		D74DD5DF2A1815F300695B87 /* Products */ = {
			isa = PBXGroup;
			children = (
				D74DD5DE2A1815F300695B87 /* XsAndOs.app */,
			);
			name = Products;
			sourceTree = "<group>";
		};
		D74DD5E02A1815F300695B87 /* XsAndOs */ = {
			isa = PBXGroup;
			children = (
				D75DB1992A2ACE6600DBD848 /* Info.plist */,
				D74DD5E12A1815F300695B87 /* AppEntry.swift */,
				D753431D2A2A4980001D7EDF /* YourNameView.swift */,
				D74DD5E32A1815F300695B87 /* StartView.swift */,
				D7488DA42A200EE200A556CA /* Game Screen */,
				D75DB19A2A2CCF2D00DBD848 /* MultiPeerConnectivity */,
				D74DD5F12A1AD89700695B87 /* Models */,
				D7488DA12A1E4C9C00A556CA /* Utilities */,
				D74DD5E52A1815F600695B87 /* Assets.xcassets */,
				D74DD5EF2A181B0600695B87 /* Launch Screen.storyboard */,
				D74DD5E72A1815F600695B87 /* Preview Content */,
			);
			path = XsAndOs;
			sourceTree = "<group>";
		};
		D74DD5E72A1815F600695B87 /* Preview Content */ = {
			isa = PBXGroup;
			children = (
				D74DD5E82A1815F600695B87 /* Preview Assets.xcassets */,
			);
			path = "Preview Content";
			sourceTree = "<group>";
		};
		D74DD5F12A1AD89700695B87 /* Models */ = {
			isa = PBXGroup;
			children = (
				D74DD5F22A1AD8B600695B87 /* GameModels.swift */,
			);
			path = Models;
			sourceTree = "<group>";
		};
		D75DB19A2A2CCF2D00DBD848 /* MultiPeerConnectivity */ = {
			isa = PBXGroup;
			children = (
				D75DB19B2A2CD07400DBD848 /* MPConnectionManager.swift */,
				D739495B2A2F593B00FF2885 /* MPGameMove.swift */,
				D73D8E7D2A30CFAC006152EB /* MPPeersView.swift */,
			);
			path = MultiPeerConnectivity;
			sourceTree = "<group>";
		};
/* End PBXGroup section */

/* Begin PBXNativeTarget section */
		D74DD5DD2A1815F300695B87 /* XsAndOs */ = {
			isa = PBXNativeTarget;
			buildConfigurationList = D74DD5EC2A1815F600695B87 /* Build configuration list for PBXNativeTarget "XsAndOs" */;
			buildPhases = (
				D74DD5DA2A1815F300695B87 /* Sources */,
				D74DD5DB2A1815F300695B87 /* Frameworks */,
				D74DD5DC2A1815F300695B87 /* Resources */,
			);
			buildRules = (
			);
			dependencies = (
			);
			name = XsAndOs;
			productName = XsAndOs;
			productReference = D74DD5DE2A1815F300695B87 /* XsAndOs.app */;
			productType = "com.apple.product-type.application";
		};
/* End PBXNativeTarget section */

/* Begin PBXProject section */
		D74DD5D62A1815F300695B87 /* Project object */ = {
			isa = PBXProject;
			attributes = {
				BuildIndependentTargetsInParallel = 1;
				LastSwiftUpdateCheck = 1430;
				LastUpgradeCheck = 1430;
				TargetAttributes = {
					D74DD5DD2A1815F300695B87 = {
						CreatedOnToolsVersion = 14.3;
					};
				};
			};
			buildConfigurationList = D74DD5D92A1815F300695B87 /* Build configuration list for PBXProject "XsAndOs" */;
			compatibilityVersion = "Xcode 14.0";
			developmentRegion = en;
			hasScannedForEncodings = 0;
			knownRegions = (
				en,
				Base,
			);
			mainGroup = D74DD5D52A1815F300695B87;
			productRefGroup = D74DD5DF2A1815F300695B87 /* Products */;
			projectDirPath = "";
			projectRoot = "";
			targets = (
				D74DD5DD2A1815F300695B87 /* XsAndOs */,
			);
		};
/* End PBXProject section */

/* Begin PBXResourcesBuildPhase section */
		D74DD5DC2A1815F300695B87 /* Resources */ = {
			isa = PBXResourcesBuildPhase;
			buildActionMask = 2147483647;
			files = (
				D74DD5F02A181B0600695B87 /* Launch Screen.storyboard in Resources */,
				D74DD5E92A1815F600695B87 /* Preview Assets.xcassets in Resources */,
				D74DD5E62A1815F600695B87 /* Assets.xcassets in Resources */,
			);
			runOnlyForDeploymentPostprocessing = 0;
		};
/* End PBXResourcesBuildPhase section */

/* Begin PBXSourcesBuildPhase section */
		D74DD5DA2A1815F300695B87 /* Sources */ = {
			isa = PBXSourcesBuildPhase;
			buildActionMask = 2147483647;
			files = (
				D739495C2A2F593B00FF2885 /* MPGameMove.swift in Sources */,
				D753431E2A2A4980001D7EDF /* YourNameView.swift in Sources */,
				D74DD5E42A1815F300695B87 /* StartView.swift in Sources */,
				D74DD5F32A1AD8B600695B87 /* GameModels.swift in Sources */,
				D74DD5E22A1815F300695B87 /* AppEntry.swift in Sources */,
				D7488DA82A235AEF00A556CA /* GameService.swift in Sources */,
				D7488DA32A1E4D0000A556CA /* ViewModifiers.swift in Sources */,
				D73D8E7E2A30CFAC006152EB /* MPPeersView.swift in Sources */,
				D75DB19C2A2CD07400DBD848 /* MPConnectionManager.swift in Sources */,
				D7488DA62A200F0800A556CA /* GameView.swift in Sources */,
				D7488DAA2A25650C00A556CA /* GameSquare.swift in Sources */,
				D7488DAC2A264A4500A556CA /* SquareView.swift in Sources */,
			);
			runOnlyForDeploymentPostprocessing = 0;
		};
/* End PBXSourcesBuildPhase section */

/* Begin XCBuildConfiguration section */
		D74DD5EA2A1815F600695B87 /* Debug */ = {
			isa = XCBuildConfiguration;
			buildSettings = {
				ALWAYS_SEARCH_USER_PATHS = NO;
				CLANG_ANALYZER_NONNULL = YES;
				CLANG_ANALYZER_NUMBER_OBJECT_CONVERSION = YES_AGGRESSIVE;
				CLANG_CXX_LANGUAGE_STANDARD = "gnu++20";
				CLANG_ENABLE_MODULES = YES;
				CLANG_ENABLE_OBJC_ARC = YES;
				CLANG_ENABLE_OBJC_WEAK = YES;
				CLANG_WARN_BLOCK_CAPTURE_AUTORELEASING = YES;
				CLANG_WARN_BOOL_CONVERSION = YES;
				CLANG_WARN_COMMA = YES;
				CLANG_WARN_CONSTANT_CONVERSION = YES;
				CLANG_WARN_DEPRECATED_OBJC_IMPLEMENTATIONS = YES;
				CLANG_WARN_DIRECT_OBJC_ISA_USAGE = YES_ERROR;
				CLANG_WARN_DOCUMENTATION_COMMENTS = YES;
				CLANG_WARN_EMPTY_BODY = YES;
				CLANG_WARN_ENUM_CONVERSION = YES;
				CLANG_WARN_INFINITE_RECURSION = YES;
				CLANG_WARN_INT_CONVERSION = YES;
				CLANG_WARN_NON_LITERAL_NULL_CONVERSION = YES;
				CLANG_WARN_OBJC_IMPLICIT_RETAIN_SELF = YES;
				CLANG_WARN_OBJC_LITERAL_CONVERSION = YES;
				CLANG_WARN_OBJC_ROOT_CLASS = YES_ERROR;
				CLANG_WARN_QUOTED_INCLUDE_IN_FRAMEWORK_HEADER = YES;
				CLANG_WARN_RANGE_LOOP_ANALYSIS = YES;
				CLANG_WARN_STRICT_PROTOTYPES = YES;
				CLANG_WARN_SUSPICIOUS_MOVE = YES;
				CLANG_WARN_UNGUARDED_AVAILABILITY = YES_AGGRESSIVE;
				CLANG_WARN_UNREACHABLE_CODE = YES;
				CLANG_WARN__DUPLICATE_METHOD_MATCH = YES;
				COPY_PHASE_STRIP = NO;
				DEBUG_INFORMATION_FORMAT = dwarf;
				ENABLE_STRICT_OBJC_MSGSEND = YES;
				ENABLE_TESTABILITY = YES;
				GCC_C_LANGUAGE_STANDARD = gnu11;
				GCC_DYNAMIC_NO_PIC = NO;
				GCC_NO_COMMON_BLOCKS = YES;
				GCC_OPTIMIZATION_LEVEL = 0;
				GCC_PREPROCESSOR_DEFINITIONS = (
					"DEBUG=1",
					"$(inherited)",
				);
				GCC_WARN_64_TO_32_BIT_CONVERSION = YES;
				GCC_WARN_ABOUT_RETURN_TYPE = YES_ERROR;
				GCC_WARN_UNDECLARED_SELECTOR = YES;
				GCC_WARN_UNINITIALIZED_AUTOS = YES_AGGRESSIVE;
				GCC_WARN_UNUSED_FUNCTION = YES;
				GCC_WARN_UNUSED_VARIABLE = YES;
				IPHONEOS_DEPLOYMENT_TARGET = 15.0;
				MTL_ENABLE_DEBUG_INFO = INCLUDE_SOURCE;
				MTL_FAST_MATH = YES;
				ONLY_ACTIVE_ARCH = YES;
				SDKROOT = iphoneos;
				SWIFT_ACTIVE_COMPILATION_CONDITIONS = DEBUG;
				SWIFT_OPTIMIZATION_LEVEL = "-Onone";
			};
			name = Debug;
		};
		D74DD5EB2A1815F600695B87 /* Release */ = {
			isa = XCBuildConfiguration;
			buildSettings = {
				ALWAYS_SEARCH_USER_PATHS = NO;
				CLANG_ANALYZER_NONNULL = YES;
				CLANG_ANALYZER_NUMBER_OBJECT_CONVERSION = YES_AGGRESSIVE;
				CLANG_CXX_LANGUAGE_STANDARD = "gnu++20";
				CLANG_ENABLE_MODULES = YES;
				CLANG_ENABLE_OBJC_ARC = YES;
				CLANG_ENABLE_OBJC_WEAK = YES;
				CLANG_WARN_BLOCK_CAPTURE_AUTORELEASING = YES;
				CLANG_WARN_BOOL_CONVERSION = YES;
				CLANG_WARN_COMMA = YES;
				CLANG_WARN_CONSTANT_CONVERSION = YES;
				CLANG_WARN_DEPRECATED_OBJC_IMPLEMENTATIONS = YES;
				CLANG_WARN_DIRECT_OBJC_ISA_USAGE = YES_ERROR;
				CLANG_WARN_DOCUMENTATION_COMMENTS = YES;
				CLANG_WARN_EMPTY_BODY = YES;
				CLANG_WARN_ENUM_CONVERSION = YES;
				CLANG_WARN_INFINITE_RECURSION = YES;
				CLANG_WARN_INT_CONVERSION = YES;
				CLANG_WARN_NON_LITERAL_NULL_CONVERSION = YES;
				CLANG_WARN_OBJC_IMPLICIT_RETAIN_SELF = YES;
				CLANG_WARN_OBJC_LITERAL_CONVERSION = YES;
				CLANG_WARN_OBJC_ROOT_CLASS = YES_ERROR;
				CLANG_WARN_QUOTED_INCLUDE_IN_FRAMEWORK_HEADER = YES;
				CLANG_WARN_RANGE_LOOP_ANALYSIS = YES;
				CLANG_WARN_STRICT_PROTOTYPES = YES;
				CLANG_WARN_SUSPICIOUS_MOVE = YES;
				CLANG_WARN_UNGUARDED_AVAILABILITY = YES_AGGRESSIVE;
				CLANG_WARN_UNREACHABLE_CODE = YES;
				CLANG_WARN__DUPLICATE_METHOD_MATCH = YES;
				COPY_PHASE_STRIP = NO;
				DEBUG_INFORMATION_FORMAT = "dwarf-with-dsym";
				ENABLE_NS_ASSERTIONS = NO;
				ENABLE_STRICT_OBJC_MSGSEND = YES;
				GCC_C_LANGUAGE_STANDARD = gnu11;
				GCC_NO_COMMON_BLOCKS = YES;
				GCC_WARN_64_TO_32_BIT_CONVERSION = YES;
				GCC_WARN_ABOUT_RETURN_TYPE = YES_ERROR;
				GCC_WARN_UNDECLARED_SELECTOR = YES;
				GCC_WARN_UNINITIALIZED_AUTOS = YES_AGGRESSIVE;
				GCC_WARN_UNUSED_FUNCTION = YES;
				GCC_WARN_UNUSED_VARIABLE = YES;
				IPHONEOS_DEPLOYMENT_TARGET = 15.0;
				MTL_ENABLE_DEBUG_INFO = NO;
				MTL_FAST_MATH = YES;
				SDKROOT = iphoneos;
				SWIFT_COMPILATION_MODE = wholemodule;
				SWIFT_OPTIMIZATION_LEVEL = "-O";
				VALIDATE_PRODUCT = YES;
			};
			name = Release;
		};
		D74DD5ED2A1815F600695B87 /* Debug */ = {
			isa = XCBuildConfiguration;
			buildSettings = {
				ASSETCATALOG_COMPILER_APPICON_NAME = AppIcon;
				ASSETCATALOG_COMPILER_GLOBAL_ACCENT_COLOR_NAME = AccentColor;
				CODE_SIGN_STYLE = Automatic;
				CURRENT_PROJECT_VERSION = 1;
				DEVELOPMENT_ASSET_PATHS = "\"XsAndOs/Preview Content\"";
				DEVELOPMENT_TEAM = Z4ATHXWCDV;
				ENABLE_PREVIEWS = YES;
				GENERATE_INFOPLIST_FILE = YES;
				INFOPLIST_FILE = XsAndOs/Info.plist;
				INFOPLIST_KEY_NSLocalNetworkUsageDescription = "Would like to play Xs and Os";
				INFOPLIST_KEY_UIApplicationSceneManifest_Generation = YES;
				INFOPLIST_KEY_UIApplicationSupportsIndirectInputEvents = YES;
				INFOPLIST_KEY_UILaunchScreen_Generation = YES;
				INFOPLIST_KEY_UILaunchStoryboardName = "Launch Screen.storyboard";
				INFOPLIST_KEY_UISupportedInterfaceOrientations = UIInterfaceOrientationPortrait;
				INFOPLIST_KEY_UISupportedInterfaceOrientations_iPad = "UIInterfaceOrientationLandscapeLeft UIInterfaceOrientationLandscapeRight UIInterfaceOrientationPortrait UIInterfaceOrientationPortraitUpsideDown";
				IPHONEOS_DEPLOYMENT_TARGET = 15.0;
				LD_RUNPATH_SEARCH_PATHS = (
					"$(inherited)",
					"@executable_path/Frameworks",
				);
				MARKETING_VERSION = 1.0;
				PRODUCT_BUNDLE_IDENTIFIER = com.leonardmccook.XsAndOs;
				PRODUCT_NAME = "$(TARGET_NAME)";
				SWIFT_EMIT_LOC_STRINGS = YES;
				SWIFT_VERSION = 5.0;
				TARGETED_DEVICE_FAMILY = "1,2";
			};
			name = Debug;
		};
		D74DD5EE2A1815F600695B87 /* Release */ = {
			isa = XCBuildConfiguration;
			buildSettings = {
				ASSETCATALOG_COMPILER_APPICON_NAME = AppIcon;
				ASSETCATALOG_COMPILER_GLOBAL_ACCENT_COLOR_NAME = AccentColor;
				CODE_SIGN_STYLE = Automatic;
				CURRENT_PROJECT_VERSION = 1;
				DEVELOPMENT_ASSET_PATHS = "\"XsAndOs/Preview Content\"";
				DEVELOPMENT_TEAM = Z4ATHXWCDV;
				ENABLE_PREVIEWS = YES;
				GENERATE_INFOPLIST_FILE = YES;
				INFOPLIST_FILE = XsAndOs/Info.plist;
				INFOPLIST_KEY_NSLocalNetworkUsageDescription = "Would like to play Xs and Os";
				INFOPLIST_KEY_UIApplicationSceneManifest_Generation = YES;
				INFOPLIST_KEY_UIApplicationSupportsIndirectInputEvents = YES;
				INFOPLIST_KEY_UILaunchScreen_Generation = YES;
				INFOPLIST_KEY_UILaunchStoryboardName = "Launch Screen.storyboard";
				INFOPLIST_KEY_UISupportedInterfaceOrientations = UIInterfaceOrientationPortrait;
				INFOPLIST_KEY_UISupportedInterfaceOrientations_iPad = "UIInterfaceOrientationLandscapeLeft UIInterfaceOrientationLandscapeRight UIInterfaceOrientationPortrait UIInterfaceOrientationPortraitUpsideDown";
				IPHONEOS_DEPLOYMENT_TARGET = 15.0;
				LD_RUNPATH_SEARCH_PATHS = (
					"$(inherited)",
					"@executable_path/Frameworks",
				);
				MARKETING_VERSION = 1.0;
				PRODUCT_BUNDLE_IDENTIFIER = com.leonardmccook.XsAndOs;
				PRODUCT_NAME = "$(TARGET_NAME)";
				SWIFT_EMIT_LOC_STRINGS = YES;
				SWIFT_VERSION = 5.0;
				TARGETED_DEVICE_FAMILY = "1,2";
			};
			name = Release;
		};
/* End XCBuildConfiguration section */

/* Begin XCConfigurationList section */
		D74DD5D92A1815F300695B87 /* Build configuration list for PBXProject "XsAndOs" */ = {
			isa = XCConfigurationList;
			buildConfigurations = (
				D74DD5EA2A1815F600695B87 /* Debug */,
				D74DD5EB2A1815F600695B87 /* Release */,
			);
			defaultConfigurationIsVisible = 0;
			defaultConfigurationName = Release;
		};
		D74DD5EC2A1815F600695B87 /* Build configuration list for PBXNativeTarget "XsAndOs" */ = {
			isa = XCConfigurationList;
			buildConfigurations = (
				D74DD5ED2A1815F600695B87 /* Debug */,
				D74DD5EE2A1815F600695B87 /* Release */,
			);
			defaultConfigurationIsVisible = 0;
			defaultConfigurationName = Release;
		};
/* End XCConfigurationList section */
	};
	rootObject = D74DD5D62A1815F300695B87 /* Project object */;
}
